
Microsoft Visual Studio Solution File, Format Version 12.00
# Visual Studio 15
VisualStudioVersion = 15.0.27703.2026
MinimumVisualStudioVersion = 10.0.40219.1
Project("{FAE04EC0-301F-11D3-BF4B-00C04F79EFBC}") = "WycheP3", "WycheP3\WycheP3.csproj", "{1AC8FC08-0ABE-4C19-ADA0-E662F74BA322}"
EndProject
Project("{FAE04EC0-301F-11D3-BF4B-00C04F79EFBC}") = "RESTUtil", "RESTUtil\RESTUtil.csproj", "{82B597E0-F371-4271-8A17-0843F3E7A046}"
EndProject
Global
	GlobalSection(SolutionConfigurationPlatforms) = preSolution
		Debug|Any CPU = Debug|Any CPU
		Release|Any CPU = Release|Any CPU
	EndGlobalSection
	GlobalSection(ProjectConfigurationPlatforms) = postSolution
		{1AC8FC08-0ABE-4C19-ADA0-E662F74BA322}.Debug|Any CPU.ActiveCfg = Debug|Any CPU
		{1AC8FC08-0ABE-4C19-ADA0-E662F74BA322}.Debug|Any CPU.Build.0 = Debug|Any CPU
		{1AC8FC08-0ABE-4C19-ADA0-E662F74BA322}.Release|Any CPU.ActiveCfg = Release|Any CPU
		{1AC8FC08-0ABE-4C19-ADA0-E662F74BA322}.Release|Any CPU.Build.0 = Release|Any CPU
		{82B597E0-F371-4271-8A17-0843F3E7A046}.Debug|Any CPU.ActiveCfg = Debug|Any CPU
		{82B597E0-F371-4271-8A17-0843F3E7A046}.Debug|Any CPU.Build.0 = Debug|Any CPU
		{82B597E0-F371-4271-8A17-0843F3E7A046}.Release|Any CPU.ActiveCfg = Release|Any CPU
		{82B597E0-F371-4271-8A17-0843F3E7A046}.Release|Any CPU.Build.0 = Release|Any CPU
	EndGlobalSection
	GlobalSection(SolutionProperties) = preSolution
		HideSolutionNode = FALSE
	EndGlobalSection
	GlobalSection(ExtensibilityGlobals) = postSolution
		SolutionGuid = {F1F79FF0-5969-4721-AAEC-F00209DC59DC}
	EndGlobalSection
EndGlobal
